
Microsoft Visual Studio Solution File, Format Version 12.00
# Visual Studio Version 17
VisualStudioVersion = 17.9.34723.18
MinimumVisualStudioVersion = 10.0.40219.1
Project("{FAE04EC0-301F-11D3-BF4B-00C04F79EFBC}") = "Restful api", "Restful api\Restful api.csproj", "{479AF4AF-204A-4B70-9E94-4BC97E0D0BEA}"
EndProject
Global
	GlobalSection(SolutionConfigurationPlatforms) = preSolution
		Debug|Any CPU = Debug|Any CPU
		Release|Any CPU = Release|Any CPU
	EndGlobalSection
	GlobalSection(ProjectConfigurationPlatforms) = postSolution
		{479AF4AF-204A-4B70-9E94-4BC97E0D0BEA}.Debug|Any CPU.ActiveCfg = Debug|Any CPU
		{479AF4AF-204A-4B70-9E94-4BC97E0D0BEA}.Debug|Any CPU.Build.0 = Debug|Any CPU
		{479AF4AF-204A-4B70-9E94-4BC97E0D0BEA}.Release|Any CPU.ActiveCfg = Release|Any CPU
		{479AF4AF-204A-4B70-9E94-4BC97E0D0BEA}.Release|Any CPU.Build.0 = Release|Any CPU
	EndGlobalSection
	GlobalSection(SolutionProperties) = preSolution
		HideSolutionNode = FALSE
	EndGlobalSection
	GlobalSection(ExtensibilityGlobals) = postSolution
		SolutionGuid = {3D5B9A02-6839-46F8-9EA9-885EA2D2B590}
	EndGlobalSection
EndGlobal
